
Microsoft Visual Studio Solution File, Format Version 12.00
# Visual Studio Version 16
VisualStudioVersion = 16.0.30413.136
MinimumVisualStudioVersion = 10.0.40219.1
Project("{FAE04EC0-301F-11D3-BF4B-00C04F79EFBC}") = "ITeam.DotnetCore.Models", "ITeam.DotnetCore.Models\ITeam.DotnetCore.Models.csproj", "{974C9010-C751-42D3-9C0C-CBD7E55DBE7B}"
EndProject
Project("{FAE04EC0-301F-11D3-BF4B-00C04F79EFBC}") = "ITeam.DotnetCore.IServices", "ITeam.DotnetCore.IServices\ITeam.DotnetCore.IServices.csproj", "{FCFE37B2-DA12-4A29-A7D4-75811C7FBBDB}"
EndProject
Project("{FAE04EC0-301F-11D3-BF4B-00C04F79EFBC}") = "ITeam.DotnetCore.FakeServices", "ITeam.DotnetCore.FakeServices\ITeam.DotnetCore.FakeServices.csproj", "{61C0EAAD-F84E-4BBC-A49C-2DD92FA4C320}"
EndProject
Project("{FAE04EC0-301F-11D3-BF4B-00C04F79EFBC}") = "ITeam.DotnetCore.Faker", "ITeam.DotnetCore.Faker\ITeam.DotnetCore.Faker.csproj", "{8D569F83-AD2C-4EA4-A907-886B6C44EF09}"
EndProject
Project("{FAE04EC0-301F-11D3-BF4B-00C04F79EFBC}") = "ITeam.DotnetCore.WebApi", "ITeam.DotnetCore.WebApi\ITeam.DotnetCore.WebApi.csproj", "{2616F494-5B24-447C-A63B-1B5FDF2D359B}"
EndProject
Project("{FAE04EC0-301F-11D3-BF4B-00C04F79EFBC}") = "ITeam.DotnetCore.Api", "ITeam.DotnetCore.Api\ITeam.DotnetCore.Api.csproj", "{44114EBB-01F3-4BEA-9B92-75507FD49A90}"
EndProject
Global
	GlobalSection(SolutionConfigurationPlatforms) = preSolution
		Debug|Any CPU = Debug|Any CPU
		Release|Any CPU = Release|Any CPU
	EndGlobalSection
	GlobalSection(ProjectConfigurationPlatforms) = postSolution
		{974C9010-C751-42D3-9C0C-CBD7E55DBE7B}.Debug|Any CPU.ActiveCfg = Debug|Any CPU
		{974C9010-C751-42D3-9C0C-CBD7E55DBE7B}.Debug|Any CPU.Build.0 = Debug|Any CPU
		{974C9010-C751-42D3-9C0C-CBD7E55DBE7B}.Release|Any CPU.ActiveCfg = Release|Any CPU
		{974C9010-C751-42D3-9C0C-CBD7E55DBE7B}.Release|Any CPU.Build.0 = Release|Any CPU
		{FCFE37B2-DA12-4A29-A7D4-75811C7FBBDB}.Debug|Any CPU.ActiveCfg = Debug|Any CPU
		{FCFE37B2-DA12-4A29-A7D4-75811C7FBBDB}.Debug|Any CPU.Build.0 = Debug|Any CPU
		{FCFE37B2-DA12-4A29-A7D4-75811C7FBBDB}.Release|Any CPU.ActiveCfg = Release|Any CPU
		{FCFE37B2-DA12-4A29-A7D4-75811C7FBBDB}.Release|Any CPU.Build.0 = Release|Any CPU
		{61C0EAAD-F84E-4BBC-A49C-2DD92FA4C320}.Debug|Any CPU.ActiveCfg = Debug|Any CPU
		{61C0EAAD-F84E-4BBC-A49C-2DD92FA4C320}.Debug|Any CPU.Build.0 = Debug|Any CPU
		{61C0EAAD-F84E-4BBC-A49C-2DD92FA4C320}.Release|Any CPU.ActiveCfg = Release|Any CPU
		{61C0EAAD-F84E-4BBC-A49C-2DD92FA4C320}.Release|Any CPU.Build.0 = Release|Any CPU
		{8D569F83-AD2C-4EA4-A907-886B6C44EF09}.Debug|Any CPU.ActiveCfg = Debug|Any CPU
		{8D569F83-AD2C-4EA4-A907-886B6C44EF09}.Debug|Any CPU.Build.0 = Debug|Any CPU
		{8D569F83-AD2C-4EA4-A907-886B6C44EF09}.Release|Any CPU.ActiveCfg = Release|Any CPU
		{8D569F83-AD2C-4EA4-A907-886B6C44EF09}.Release|Any CPU.Build.0 = Release|Any CPU
		{2616F494-5B24-447C-A63B-1B5FDF2D359B}.Debug|Any CPU.ActiveCfg = Debug|Any CPU
		{2616F494-5B24-447C-A63B-1B5FDF2D359B}.Debug|Any CPU.Build.0 = Debug|Any CPU
		{2616F494-5B24-447C-A63B-1B5FDF2D359B}.Release|Any CPU.ActiveCfg = Release|Any CPU
		{2616F494-5B24-447C-A63B-1B5FDF2D359B}.Release|Any CPU.Build.0 = Release|Any CPU
		{44114EBB-01F3-4BEA-9B92-75507FD49A90}.Debug|Any CPU.ActiveCfg = Debug|Any CPU
		{44114EBB-01F3-4BEA-9B92-75507FD49A90}.Debug|Any CPU.Build.0 = Debug|Any CPU
		{44114EBB-01F3-4BEA-9B92-75507FD49A90}.Release|Any CPU.ActiveCfg = Release|Any CPU
		{44114EBB-01F3-4BEA-9B92-75507FD49A90}.Release|Any CPU.Build.0 = Release|Any CPU
	EndGlobalSection
	GlobalSection(SolutionProperties) = preSolution
		HideSolutionNode = FALSE
	EndGlobalSection
	GlobalSection(ExtensibilityGlobals) = postSolution
		SolutionGuid = {ABFA6E4F-963E-48AF-BB07-D1ED20A714A7}
	EndGlobalSection
EndGlobal
